
Microsoft Visual Studio Solution File, Format Version 12.00
# Visual Studio 2012
Project("{262852C6-CD72-467D-83FE-5EEB1973A190}") = "WinJSDataBinding", "WinJSDataBinding\WinJSDataBinding.jsproj", "{21705CF5-1526-4FB4-88F0-9CA65790B260}"
EndProject
Project("{262852C6-CD72-467D-83FE-5EEB1973A190}") = "WinJSBindingBasics", "WinJSBindingBasics\WinJSBindingBasics.jsproj", "{BE43B7F1-F6C6-4194-946F-F143C56DABC2}"
EndProject
Project("{262852C6-CD72-467D-83FE-5EEB1973A190}") = "WinJSObservables", "WinJSObservables\WinJSObservables.jsproj", "{A064EC72-7F6A-4753-A928-EC9F1DB39B58}"
EndProject
Project("{262852C6-CD72-467D-83FE-5EEB1973A190}") = "Test", "Test\Test.jsproj", "{043C6C68-5E87-4F2B-8F3E-C2B1891A0824}"
EndProject
Project("{262852C6-CD72-467D-83FE-5EEB1973A190}") = "BindingConverters", "BindingConverters\BindingConverters.jsproj", "{4F20FD1C-37A2-4D61-A315-B9F7EC867039}"
EndProject
Project("{262852C6-CD72-467D-83FE-5EEB1973A190}") = "DeclarativeTemplates", "DeclarativeTemplates\DeclarativeTemplates.jsproj", "{99BD61DD-C98F-4988-909E-C3966D2B3BD5}"
EndProject
Project("{262852C6-CD72-467D-83FE-5EEB1973A190}") = "TemplatesFromFragments", "TemplatesFromFragments\TemplatesFromFragments.jsproj", "{4EF6CAEA-9F9D-4B7C-AF23-81066B6F2FD2}"
EndProject
Global
	GlobalSection(SolutionConfigurationPlatforms) = preSolution
		Debug|Any CPU = Debug|Any CPU
		Debug|ARM = Debug|ARM
		Debug|x64 = Debug|x64
		Debug|x86 = Debug|x86
		Release|Any CPU = Release|Any CPU
		Release|ARM = Release|ARM
		Release|x64 = Release|x64
		Release|x86 = Release|x86
	EndGlobalSection
	GlobalSection(ProjectConfigurationPlatforms) = postSolution
		{21705CF5-1526-4FB4-88F0-9CA65790B260}.Debug|Any CPU.ActiveCfg = Debug|Any CPU
		{21705CF5-1526-4FB4-88F0-9CA65790B260}.Debug|Any CPU.Build.0 = Debug|Any CPU
		{21705CF5-1526-4FB4-88F0-9CA65790B260}.Debug|Any CPU.Deploy.0 = Debug|Any CPU
		{21705CF5-1526-4FB4-88F0-9CA65790B260}.Debug|ARM.ActiveCfg = Debug|ARM
		{21705CF5-1526-4FB4-88F0-9CA65790B260}.Debug|ARM.Build.0 = Debug|ARM
		{21705CF5-1526-4FB4-88F0-9CA65790B260}.Debug|ARM.Deploy.0 = Debug|ARM
		{21705CF5-1526-4FB4-88F0-9CA65790B260}.Debug|x64.ActiveCfg = Debug|x64
		{21705CF5-1526-4FB4-88F0-9CA65790B260}.Debug|x64.Build.0 = Debug|x64
		{21705CF5-1526-4FB4-88F0-9CA65790B260}.Debug|x64.Deploy.0 = Debug|x64
		{21705CF5-1526-4FB4-88F0-9CA65790B260}.Debug|x86.ActiveCfg = Debug|x86
		{21705CF5-1526-4FB4-88F0-9CA65790B260}.Debug|x86.Build.0 = Debug|x86
		{21705CF5-1526-4FB4-88F0-9CA65790B260}.Debug|x86.Deploy.0 = Debug|x86
		{21705CF5-1526-4FB4-88F0-9CA65790B260}.Release|Any CPU.ActiveCfg = Release|Any CPU
		{21705CF5-1526-4FB4-88F0-9CA65790B260}.Release|Any CPU.Build.0 = Release|Any CPU
		{21705CF5-1526-4FB4-88F0-9CA65790B260}.Release|Any CPU.Deploy.0 = Release|Any CPU
		{21705CF5-1526-4FB4-88F0-9CA65790B260}.Release|ARM.ActiveCfg = Release|ARM
		{21705CF5-1526-4FB4-88F0-9CA65790B260}.Release|ARM.Build.0 = Release|ARM
		{21705CF5-1526-4FB4-88F0-9CA65790B260}.Release|ARM.Deploy.0 = Release|ARM
		{21705CF5-1526-4FB4-88F0-9CA65790B260}.Release|x64.ActiveCfg = Release|x64
		{21705CF5-1526-4FB4-88F0-9CA65790B260}.Release|x64.Build.0 = Release|x64
		{21705CF5-1526-4FB4-88F0-9CA65790B260}.Release|x64.Deploy.0 = Release|x64
		{21705CF5-1526-4FB4-88F0-9CA65790B260}.Release|x86.ActiveCfg = Release|x86
		{21705CF5-1526-4FB4-88F0-9CA65790B260}.Release|x86.Build.0 = Release|x86
		{21705CF5-1526-4FB4-88F0-9CA65790B260}.Release|x86.Deploy.0 = Release|x86
		{BE43B7F1-F6C6-4194-946F-F143C56DABC2}.Debug|Any CPU.ActiveCfg = Debug|Any CPU
		{BE43B7F1-F6C6-4194-946F-F143C56DABC2}.Debug|Any CPU.Build.0 = Debug|Any CPU
		{BE43B7F1-F6C6-4194-946F-F143C56DABC2}.Debug|Any CPU.Deploy.0 = Debug|Any CPU
		{BE43B7F1-F6C6-4194-946F-F143C56DABC2}.Debug|ARM.ActiveCfg = Debug|ARM
		{BE43B7F1-F6C6-4194-946F-F143C56DABC2}.Debug|ARM.Build.0 = Debug|ARM
		{BE43B7F1-F6C6-4194-946F-F143C56DABC2}.Debug|ARM.Deploy.0 = Debug|ARM
		{BE43B7F1-F6C6-4194-946F-F143C56DABC2}.Debug|x64.ActiveCfg = Debug|x64
		{BE43B7F1-F6C6-4194-946F-F143C56DABC2}.Debug|x64.Build.0 = Debug|x64
		{BE43B7F1-F6C6-4194-946F-F143C56DABC2}.Debug|x64.Deploy.0 = Debug|x64
		{BE43B7F1-F6C6-4194-946F-F143C56DABC2}.Debug|x86.ActiveCfg = Debug|x86
		{BE43B7F1-F6C6-4194-946F-F143C56DABC2}.Debug|x86.Build.0 = Debug|x86
		{BE43B7F1-F6C6-4194-946F-F143C56DABC2}.Debug|x86.Deploy.0 = Debug|x86
		{BE43B7F1-F6C6-4194-946F-F143C56DABC2}.Release|Any CPU.ActiveCfg = Release|Any CPU
		{BE43B7F1-F6C6-4194-946F-F143C56DABC2}.Release|Any CPU.Build.0 = Release|Any CPU
		{BE43B7F1-F6C6-4194-946F-F143C56DABC2}.Release|Any CPU.Deploy.0 = Release|Any CPU
		{BE43B7F1-F6C6-4194-946F-F143C56DABC2}.Release|ARM.ActiveCfg = Release|ARM
		{BE43B7F1-F6C6-4194-946F-F143C56DABC2}.Release|ARM.Build.0 = Release|ARM
		{BE43B7F1-F6C6-4194-946F-F143C56DABC2}.Release|ARM.Deploy.0 = Release|ARM
		{BE43B7F1-F6C6-4194-946F-F143C56DABC2}.Release|x64.ActiveCfg = Release|x64
		{BE43B7F1-F6C6-4194-946F-F143C56DABC2}.Release|x64.Build.0 = Release|x64
		{BE43B7F1-F6C6-4194-946F-F143C56DABC2}.Release|x64.Deploy.0 = Release|x64
		{BE43B7F1-F6C6-4194-946F-F143C56DABC2}.Release|x86.ActiveCfg = Release|x86
		{BE43B7F1-F6C6-4194-946F-F143C56DABC2}.Release|x86.Build.0 = Release|x86
		{BE43B7F1-F6C6-4194-946F-F143C56DABC2}.Release|x86.Deploy.0 = Release|x86
		{A064EC72-7F6A-4753-A928-EC9F1DB39B58}.Debug|Any CPU.ActiveCfg = Debug|Any CPU
		{A064EC72-7F6A-4753-A928-EC9F1DB39B58}.Debug|Any CPU.Build.0 = Debug|Any CPU
		{A064EC72-7F6A-4753-A928-EC9F1DB39B58}.Debug|Any CPU.Deploy.0 = Debug|Any CPU
		{A064EC72-7F6A-4753-A928-EC9F1DB39B58}.Debug|ARM.ActiveCfg = Debug|ARM
		{A064EC72-7F6A-4753-A928-EC9F1DB39B58}.Debug|ARM.Build.0 = Debug|ARM
		{A064EC72-7F6A-4753-A928-EC9F1DB39B58}.Debug|ARM.Deploy.0 = Debug|ARM
		{A064EC72-7F6A-4753-A928-EC9F1DB39B58}.Debug|x64.ActiveCfg = Debug|x64
		{A064EC72-7F6A-4753-A928-EC9F1DB39B58}.Debug|x64.Build.0 = Debug|x64
		{A064EC72-7F6A-4753-A928-EC9F1DB39B58}.Debug|x64.Deploy.0 = Debug|x64
		{A064EC72-7F6A-4753-A928-EC9F1DB39B58}.Debug|x86.ActiveCfg = Debug|x86
		{A064EC72-7F6A-4753-A928-EC9F1DB39B58}.Debug|x86.Build.0 = Debug|x86
		{A064EC72-7F6A-4753-A928-EC9F1DB39B58}.Debug|x86.Deploy.0 = Debug|x86
		{A064EC72-7F6A-4753-A928-EC9F1DB39B58}.Release|Any CPU.ActiveCfg = Release|Any CPU
		{A064EC72-7F6A-4753-A928-EC9F1DB39B58}.Release|Any CPU.Build.0 = Release|Any CPU
		{A064EC72-7F6A-4753-A928-EC9F1DB39B58}.Release|Any CPU.Deploy.0 = Release|Any CPU
		{A064EC72-7F6A-4753-A928-EC9F1DB39B58}.Release|ARM.ActiveCfg = Release|ARM
		{A064EC72-7F6A-4753-A928-EC9F1DB39B58}.Release|ARM.Build.0 = Release|ARM
		{A064EC72-7F6A-4753-A928-EC9F1DB39B58}.Release|ARM.Deploy.0 = Release|ARM
		{A064EC72-7F6A-4753-A928-EC9F1DB39B58}.Release|x64.ActiveCfg = Release|x64
		{A064EC72-7F6A-4753-A928-EC9F1DB39B58}.Release|x64.Build.0 = Release|x64
		{A064EC72-7F6A-4753-A928-EC9F1DB39B58}.Release|x64.Deploy.0 = Release|x64
		{A064EC72-7F6A-4753-A928-EC9F1DB39B58}.Release|x86.ActiveCfg = Release|x86
		{A064EC72-7F6A-4753-A928-EC9F1DB39B58}.Release|x86.Build.0 = Release|x86
		{A064EC72-7F6A-4753-A928-EC9F1DB39B58}.Release|x86.Deploy.0 = Release|x86
		{043C6C68-5E87-4F2B-8F3E-C2B1891A0824}.Debug|Any CPU.ActiveCfg = Debug|Any CPU
		{043C6C68-5E87-4F2B-8F3E-C2B1891A0824}.Debug|Any CPU.Build.0 = Debug|Any CPU
		{043C6C68-5E87-4F2B-8F3E-C2B1891A0824}.Debug|Any CPU.Deploy.0 = Debug|Any CPU
		{043C6C68-5E87-4F2B-8F3E-C2B1891A0824}.Debug|ARM.ActiveCfg = Debug|ARM
		{043C6C68-5E87-4F2B-8F3E-C2B1891A0824}.Debug|ARM.Build.0 = Debug|ARM
		{043C6C68-5E87-4F2B-8F3E-C2B1891A0824}.Debug|ARM.Deploy.0 = Debug|ARM
		{043C6C68-5E87-4F2B-8F3E-C2B1891A0824}.Debug|x64.ActiveCfg = Debug|x64
		{043C6C68-5E87-4F2B-8F3E-C2B1891A0824}.Debug|x64.Build.0 = Debug|x64
		{043C6C68-5E87-4F2B-8F3E-C2B1891A0824}.Debug|x64.Deploy.0 = Debug|x64
		{043C6C68-5E87-4F2B-8F3E-C2B1891A0824}.Debug|x86.ActiveCfg = Debug|x86
		{043C6C68-5E87-4F2B-8F3E-C2B1891A0824}.Debug|x86.Build.0 = Debug|x86
		{043C6C68-5E87-4F2B-8F3E-C2B1891A0824}.Debug|x86.Deploy.0 = Debug|x86
		{043C6C68-5E87-4F2B-8F3E-C2B1891A0824}.Release|Any CPU.ActiveCfg = Release|Any CPU
		{043C6C68-5E87-4F2B-8F3E-C2B1891A0824}.Release|Any CPU.Build.0 = Release|Any CPU
		{043C6C68-5E87-4F2B-8F3E-C2B1891A0824}.Release|Any CPU.Deploy.0 = Release|Any CPU
		{043C6C68-5E87-4F2B-8F3E-C2B1891A0824}.Release|ARM.ActiveCfg = Release|ARM
		{043C6C68-5E87-4F2B-8F3E-C2B1891A0824}.Release|ARM.Build.0 = Release|ARM
		{043C6C68-5E87-4F2B-8F3E-C2B1891A0824}.Release|ARM.Deploy.0 = Release|ARM
		{043C6C68-5E87-4F2B-8F3E-C2B1891A0824}.Release|x64.ActiveCfg = Release|x64
		{043C6C68-5E87-4F2B-8F3E-C2B1891A0824}.Release|x64.Build.0 = Release|x64
		{043C6C68-5E87-4F2B-8F3E-C2B1891A0824}.Release|x64.Deploy.0 = Release|x64
		{043C6C68-5E87-4F2B-8F3E-C2B1891A0824}.Release|x86.ActiveCfg = Release|x86
		{043C6C68-5E87-4F2B-8F3E-C2B1891A0824}.Release|x86.Build.0 = Release|x86
		{043C6C68-5E87-4F2B-8F3E-C2B1891A0824}.Release|x86.Deploy.0 = Release|x86
		{4F20FD1C-37A2-4D61-A315-B9F7EC867039}.Debug|Any CPU.ActiveCfg = Debug|Any CPU
		{4F20FD1C-37A2-4D61-A315-B9F7EC867039}.Debug|Any CPU.Build.0 = Debug|Any CPU
		{4F20FD1C-37A2-4D61-A315-B9F7EC867039}.Debug|Any CPU.Deploy.0 = Debug|Any CPU
		{4F20FD1C-37A2-4D61-A315-B9F7EC867039}.Debug|ARM.ActiveCfg = Debug|ARM
		{4F20FD1C-37A2-4D61-A315-B9F7EC867039}.Debug|ARM.Build.0 = Debug|ARM
		{4F20FD1C-37A2-4D61-A315-B9F7EC867039}.Debug|ARM.Deploy.0 = Debug|ARM
		{4F20FD1C-37A2-4D61-A315-B9F7EC867039}.Debug|x64.ActiveCfg = Debug|x64
		{4F20FD1C-37A2-4D61-A315-B9F7EC867039}.Debug|x64.Build.0 = Debug|x64
		{4F20FD1C-37A2-4D61-A315-B9F7EC867039}.Debug|x64.Deploy.0 = Debug|x64
		{4F20FD1C-37A2-4D61-A315-B9F7EC867039}.Debug|x86.ActiveCfg = Debug|x86
		{4F20FD1C-37A2-4D61-A315-B9F7EC867039}.Debug|x86.Build.0 = Debug|x86
		{4F20FD1C-37A2-4D61-A315-B9F7EC867039}.Debug|x86.Deploy.0 = Debug|x86
		{4F20FD1C-37A2-4D61-A315-B9F7EC867039}.Release|Any CPU.ActiveCfg = Release|Any CPU
		{4F20FD1C-37A2-4D61-A315-B9F7EC867039}.Release|Any CPU.Build.0 = Release|Any CPU
		{4F20FD1C-37A2-4D61-A315-B9F7EC867039}.Release|Any CPU.Deploy.0 = Release|Any CPU
		{4F20FD1C-37A2-4D61-A315-B9F7EC867039}.Release|ARM.ActiveCfg = Release|ARM
		{4F20FD1C-37A2-4D61-A315-B9F7EC867039}.Release|ARM.Build.0 = Release|ARM
		{4F20FD1C-37A2-4D61-A315-B9F7EC867039}.Release|ARM.Deploy.0 = Release|ARM
		{4F20FD1C-37A2-4D61-A315-B9F7EC867039}.Release|x64.ActiveCfg = Release|x64
		{4F20FD1C-37A2-4D61-A315-B9F7EC867039}.Release|x64.Build.0 = Release|x64
		{4F20FD1C-37A2-4D61-A315-B9F7EC867039}.Release|x64.Deploy.0 = Release|x64
		{4F20FD1C-37A2-4D61-A315-B9F7EC867039}.Release|x86.ActiveCfg = Release|x86
		{4F20FD1C-37A2-4D61-A315-B9F7EC867039}.Release|x86.Build.0 = Release|x86
		{4F20FD1C-37A2-4D61-A315-B9F7EC867039}.Release|x86.Deploy.0 = Release|x86
		{99BD61DD-C98F-4988-909E-C3966D2B3BD5}.Debug|Any CPU.ActiveCfg = Debug|Any CPU
		{99BD61DD-C98F-4988-909E-C3966D2B3BD5}.Debug|Any CPU.Build.0 = Debug|Any CPU
		{99BD61DD-C98F-4988-909E-C3966D2B3BD5}.Debug|Any CPU.Deploy.0 = Debug|Any CPU
		{99BD61DD-C98F-4988-909E-C3966D2B3BD5}.Debug|ARM.ActiveCfg = Debug|ARM
		{99BD61DD-C98F-4988-909E-C3966D2B3BD5}.Debug|ARM.Build.0 = Debug|ARM
		{99BD61DD-C98F-4988-909E-C3966D2B3BD5}.Debug|ARM.Deploy.0 = Debug|ARM
		{99BD61DD-C98F-4988-909E-C3966D2B3BD5}.Debug|x64.ActiveCfg = Debug|x64
		{99BD61DD-C98F-4988-909E-C3966D2B3BD5}.Debug|x64.Build.0 = Debug|x64
		{99BD61DD-C98F-4988-909E-C3966D2B3BD5}.Debug|x64.Deploy.0 = Debug|x64
		{99BD61DD-C98F-4988-909E-C3966D2B3BD5}.Debug|x86.ActiveCfg = Debug|x86
		{99BD61DD-C98F-4988-909E-C3966D2B3BD5}.Debug|x86.Build.0 = Debug|x86
		{99BD61DD-C98F-4988-909E-C3966D2B3BD5}.Debug|x86.Deploy.0 = Debug|x86
		{99BD61DD-C98F-4988-909E-C3966D2B3BD5}.Release|Any CPU.ActiveCfg = Release|Any CPU
		{99BD61DD-C98F-4988-909E-C3966D2B3BD5}.Release|Any CPU.Build.0 = Release|Any CPU
		{99BD61DD-C98F-4988-909E-C3966D2B3BD5}.Release|Any CPU.Deploy.0 = Release|Any CPU
		{99BD61DD-C98F-4988-909E-C3966D2B3BD5}.Release|ARM.ActiveCfg = Release|ARM
		{99BD61DD-C98F-4988-909E-C3966D2B3BD5}.Release|ARM.Build.0 = Release|ARM
		{99BD61DD-C98F-4988-909E-C3966D2B3BD5}.Release|ARM.Deploy.0 = Release|ARM
		{99BD61DD-C98F-4988-909E-C3966D2B3BD5}.Release|x64.ActiveCfg = Release|x64
		{99BD61DD-C98F-4988-909E-C3966D2B3BD5}.Release|x64.Build.0 = Release|x64
		{99BD61DD-C98F-4988-909E-C3966D2B3BD5}.Release|x64.Deploy.0 = Release|x64
		{99BD61DD-C98F-4988-909E-C3966D2B3BD5}.Release|x86.ActiveCfg = Release|x86
		{99BD61DD-C98F-4988-909E-C3966D2B3BD5}.Release|x86.Build.0 = Release|x86
		{99BD61DD-C98F-4988-909E-C3966D2B3BD5}.Release|x86.Deploy.0 = Release|x86
		{4EF6CAEA-9F9D-4B7C-AF23-81066B6F2FD2}.Debug|Any CPU.ActiveCfg = Debug|Any CPU
		{4EF6CAEA-9F9D-4B7C-AF23-81066B6F2FD2}.Debug|Any CPU.Build.0 = Debug|Any CPU
		{4EF6CAEA-9F9D-4B7C-AF23-81066B6F2FD2}.Debug|Any CPU.Deploy.0 = Debug|Any CPU
		{4EF6CAEA-9F9D-4B7C-AF23-81066B6F2FD2}.Debug|ARM.ActiveCfg = Debug|ARM
		{4EF6CAEA-9F9D-4B7C-AF23-81066B6F2FD2}.Debug|ARM.Build.0 = Debug|ARM
		{4EF6CAEA-9F9D-4B7C-AF23-81066B6F2FD2}.Debug|ARM.Deploy.0 = Debug|ARM
		{4EF6CAEA-9F9D-4B7C-AF23-81066B6F2FD2}.Debug|x64.ActiveCfg = Debug|x64
		{4EF6CAEA-9F9D-4B7C-AF23-81066B6F2FD2}.Debug|x64.Build.0 = Debug|x64
		{4EF6CAEA-9F9D-4B7C-AF23-81066B6F2FD2}.Debug|x64.Deploy.0 = Debug|x64
		{4EF6CAEA-9F9D-4B7C-AF23-81066B6F2FD2}.Debug|x86.ActiveCfg = Debug|x86
		{4EF6CAEA-9F9D-4B7C-AF23-81066B6F2FD2}.Debug|x86.Build.0 = Debug|x86
		{4EF6CAEA-9F9D-4B7C-AF23-81066B6F2FD2}.Debug|x86.Deploy.0 = Debug|x86
		{4EF6CAEA-9F9D-4B7C-AF23-81066B6F2FD2}.Release|Any CPU.ActiveCfg = Release|Any CPU
		{4EF6CAEA-9F9D-4B7C-AF23-81066B6F2FD2}.Release|Any CPU.Build.0 = Release|Any CPU
		{4EF6CAEA-9F9D-4B7C-AF23-81066B6F2FD2}.Release|Any CPU.Deploy.0 = Release|Any CPU
		{4EF6CAEA-9F9D-4B7C-AF23-81066B6F2FD2}.Release|ARM.ActiveCfg = Release|ARM
		{4EF6CAEA-9F9D-4B7C-AF23-81066B6F2FD2}.Release|ARM.Build.0 = Release|ARM
		{4EF6CAEA-9F9D-4B7C-AF23-81066B6F2FD2}.Release|ARM.Deploy.0 = Release|ARM
		{4EF6CAEA-9F9D-4B7C-AF23-81066B6F2FD2}.Release|x64.ActiveCfg = Release|x64
		{4EF6CAEA-9F9D-4B7C-AF23-81066B6F2FD2}.Release|x64.Build.0 = Release|x64
		{4EF6CAEA-9F9D-4B7C-AF23-81066B6F2FD2}.Release|x64.Deploy.0 = Release|x64
		{4EF6CAEA-9F9D-4B7C-AF23-81066B6F2FD2}.Release|x86.ActiveCfg = Release|x86
		{4EF6CAEA-9F9D-4B7C-AF23-81066B6F2FD2}.Release|x86.Build.0 = Release|x86
		{4EF6CAEA-9F9D-4B7C-AF23-81066B6F2FD2}.Release|x86.Deploy.0 = Release|x86
	EndGlobalSection
	GlobalSection(SolutionProperties) = preSolution
		HideSolutionNode = FALSE
	EndGlobalSection
EndGlobal
