
Microsoft Visual Studio Solution File, Format Version 12.00
# Visual Studio 2013
VisualStudioVersion = 12.0.20617.1 PREVIEW
MinimumVisualStudioVersion = 10.0.40219.1
Project("{FAE04EC0-301F-11D3-BF4B-00C04F79EFBC}") = "01. NumbersFrom1ToN", "01. NumbersFrom1ToN\01. NumbersFrom1ToN.csproj", "{684C1C77-A701-4DDB-85E8-AC063A777691}"
EndProject
Project("{FAE04EC0-301F-11D3-BF4B-00C04F79EFBC}") = "02.  OneToNDevisibleByThreeAndSeven", "02.  OneToNDevisibleByThreeAndSeven\02.  OneToNDevisibleByThreeAndSeven.csproj", "{C99A8DB9-48FA-401F-AD05-56B2FAFDE142}"
EndProject
Project("{FAE04EC0-301F-11D3-BF4B-00C04F79EFBC}") = "03. SequenceofNNumbers", "03. SequenceofNNumbers\03. SequenceofNNumbers.csproj", "{2DA3BB52-B6BA-4F85-9B5F-30C03FD302F5}"
EndProject
Project("{FAE04EC0-301F-11D3-BF4B-00C04F79EFBC}") = "04. NFactorialAndKFactorial", "04. NFactorialAndKFactorial\04. NFactorialAndKFactorial.csproj", "{D095707A-2C27-401C-B72E-732E751E98F3}"
EndProject
Project("{FAE04EC0-301F-11D3-BF4B-00C04F79EFBC}") = "05. FactorialCalculating", "05. FactorialCalculating\05. FactorialCalculating.csproj", "{F2E97EB8-92A1-4FC4-B7B6-30E53E2AFEA0}"
EndProject
Project("{FAE04EC0-301F-11D3-BF4B-00C04F79EFBC}") = "06. SumOfFormula", "06. SumOfFormula\06. SumOfFormula.csproj", "{ABCA6763-83DB-4D28-BA9D-8C15347B87E0}"
EndProject
Project("{FAE04EC0-301F-11D3-BF4B-00C04F79EFBC}") = "07. FibonacciSum", "07. FibonacciSum\07. FibonacciSum.csproj", "{71822A77-23E6-4F04-B469-5275308A1E0B}"
EndProject
Project("{FAE04EC0-301F-11D3-BF4B-00C04F79EFBC}") = "08. GCD", "08. GCD\08. GCD.csproj", "{41A0EF9D-E47E-488E-9FB2-36B044767AA6}"
EndProject
Project("{FAE04EC0-301F-11D3-BF4B-00C04F79EFBC}") = "09. CatalanNumbers", "09. CatalanNumbers\09. CatalanNumbers.csproj", "{46AD74AB-2666-45F2-AD29-85CC95CD5DB4}"
EndProject
Project("{FAE04EC0-301F-11D3-BF4B-00C04F79EFBC}") = "10. CatalanNumbers", "10. CatalanNumbers\10. CatalanNumbers.csproj", "{0EEA4661-999A-42C9-87E8-6CF87C033226}"
EndProject
Project("{FAE04EC0-301F-11D3-BF4B-00C04F79EFBC}") = "11. StandardDeck", "11. StandardDeck\11. StandardDeck.csproj", "{167D9826-1FAC-47DC-9B13-0910E12A6D07}"
EndProject
Project("{FAE04EC0-301F-11D3-BF4B-00C04F79EFBC}") = "12. Matrix", "12. Matrix\12. Matrix.csproj", "{2981A458-5463-43E5-9A4F-E6DAAFF7C666}"
EndProject
Project("{FAE04EC0-301F-11D3-BF4B-00C04F79EFBC}") = "13. TrailingZeros", "13. TrailingZeros\13. TrailingZeros.csproj", "{300EFE55-2666-4591-95EA-782E8C0D33B2}"
EndProject
Project("{FAE04EC0-301F-11D3-BF4B-00C04F79EFBC}") = "14. Spiral", "14. Spiral\14. Spiral.csproj", "{51BFB156-670E-442C-9407-65487C45A3A6}"
EndProject
Global
	GlobalSection(SolutionConfigurationPlatforms) = preSolution
		Debug|Any CPU = Debug|Any CPU
		Release|Any CPU = Release|Any CPU
	EndGlobalSection
	GlobalSection(ProjectConfigurationPlatforms) = postSolution
		{684C1C77-A701-4DDB-85E8-AC063A777691}.Debug|Any CPU.ActiveCfg = Debug|Any CPU
		{684C1C77-A701-4DDB-85E8-AC063A777691}.Debug|Any CPU.Build.0 = Debug|Any CPU
		{684C1C77-A701-4DDB-85E8-AC063A777691}.Release|Any CPU.ActiveCfg = Release|Any CPU
		{684C1C77-A701-4DDB-85E8-AC063A777691}.Release|Any CPU.Build.0 = Release|Any CPU
		{C99A8DB9-48FA-401F-AD05-56B2FAFDE142}.Debug|Any CPU.ActiveCfg = Debug|Any CPU
		{C99A8DB9-48FA-401F-AD05-56B2FAFDE142}.Debug|Any CPU.Build.0 = Debug|Any CPU
		{C99A8DB9-48FA-401F-AD05-56B2FAFDE142}.Release|Any CPU.ActiveCfg = Release|Any CPU
		{C99A8DB9-48FA-401F-AD05-56B2FAFDE142}.Release|Any CPU.Build.0 = Release|Any CPU
		{2DA3BB52-B6BA-4F85-9B5F-30C03FD302F5}.Debug|Any CPU.ActiveCfg = Debug|Any CPU
		{2DA3BB52-B6BA-4F85-9B5F-30C03FD302F5}.Debug|Any CPU.Build.0 = Debug|Any CPU
		{2DA3BB52-B6BA-4F85-9B5F-30C03FD302F5}.Release|Any CPU.ActiveCfg = Release|Any CPU
		{2DA3BB52-B6BA-4F85-9B5F-30C03FD302F5}.Release|Any CPU.Build.0 = Release|Any CPU
		{D095707A-2C27-401C-B72E-732E751E98F3}.Debug|Any CPU.ActiveCfg = Debug|Any CPU
		{D095707A-2C27-401C-B72E-732E751E98F3}.Debug|Any CPU.Build.0 = Debug|Any CPU
		{D095707A-2C27-401C-B72E-732E751E98F3}.Release|Any CPU.ActiveCfg = Release|Any CPU
		{D095707A-2C27-401C-B72E-732E751E98F3}.Release|Any CPU.Build.0 = Release|Any CPU
		{F2E97EB8-92A1-4FC4-B7B6-30E53E2AFEA0}.Debug|Any CPU.ActiveCfg = Debug|Any CPU
		{F2E97EB8-92A1-4FC4-B7B6-30E53E2AFEA0}.Debug|Any CPU.Build.0 = Debug|Any CPU
		{F2E97EB8-92A1-4FC4-B7B6-30E53E2AFEA0}.Release|Any CPU.ActiveCfg = Release|Any CPU
		{F2E97EB8-92A1-4FC4-B7B6-30E53E2AFEA0}.Release|Any CPU.Build.0 = Release|Any CPU
		{ABCA6763-83DB-4D28-BA9D-8C15347B87E0}.Debug|Any CPU.ActiveCfg = Debug|Any CPU
		{ABCA6763-83DB-4D28-BA9D-8C15347B87E0}.Debug|Any CPU.Build.0 = Debug|Any CPU
		{ABCA6763-83DB-4D28-BA9D-8C15347B87E0}.Release|Any CPU.ActiveCfg = Release|Any CPU
		{ABCA6763-83DB-4D28-BA9D-8C15347B87E0}.Release|Any CPU.Build.0 = Release|Any CPU
		{71822A77-23E6-4F04-B469-5275308A1E0B}.Debug|Any CPU.ActiveCfg = Debug|Any CPU
		{71822A77-23E6-4F04-B469-5275308A1E0B}.Debug|Any CPU.Build.0 = Debug|Any CPU
		{71822A77-23E6-4F04-B469-5275308A1E0B}.Release|Any CPU.ActiveCfg = Release|Any CPU
		{71822A77-23E6-4F04-B469-5275308A1E0B}.Release|Any CPU.Build.0 = Release|Any CPU
		{41A0EF9D-E47E-488E-9FB2-36B044767AA6}.Debug|Any CPU.ActiveCfg = Debug|Any CPU
		{41A0EF9D-E47E-488E-9FB2-36B044767AA6}.Debug|Any CPU.Build.0 = Debug|Any CPU
		{41A0EF9D-E47E-488E-9FB2-36B044767AA6}.Release|Any CPU.ActiveCfg = Release|Any CPU
		{41A0EF9D-E47E-488E-9FB2-36B044767AA6}.Release|Any CPU.Build.0 = Release|Any CPU
		{46AD74AB-2666-45F2-AD29-85CC95CD5DB4}.Debug|Any CPU.ActiveCfg = Debug|Any CPU
		{46AD74AB-2666-45F2-AD29-85CC95CD5DB4}.Debug|Any CPU.Build.0 = Debug|Any CPU
		{46AD74AB-2666-45F2-AD29-85CC95CD5DB4}.Release|Any CPU.ActiveCfg = Release|Any CPU
		{46AD74AB-2666-45F2-AD29-85CC95CD5DB4}.Release|Any CPU.Build.0 = Release|Any CPU
		{0EEA4661-999A-42C9-87E8-6CF87C033226}.Debug|Any CPU.ActiveCfg = Debug|Any CPU
		{0EEA4661-999A-42C9-87E8-6CF87C033226}.Debug|Any CPU.Build.0 = Debug|Any CPU
		{0EEA4661-999A-42C9-87E8-6CF87C033226}.Release|Any CPU.ActiveCfg = Release|Any CPU
		{0EEA4661-999A-42C9-87E8-6CF87C033226}.Release|Any CPU.Build.0 = Release|Any CPU
		{167D9826-1FAC-47DC-9B13-0910E12A6D07}.Debug|Any CPU.ActiveCfg = Debug|Any CPU
		{167D9826-1FAC-47DC-9B13-0910E12A6D07}.Debug|Any CPU.Build.0 = Debug|Any CPU
		{167D9826-1FAC-47DC-9B13-0910E12A6D07}.Release|Any CPU.ActiveCfg = Release|Any CPU
		{167D9826-1FAC-47DC-9B13-0910E12A6D07}.Release|Any CPU.Build.0 = Release|Any CPU
		{2981A458-5463-43E5-9A4F-E6DAAFF7C666}.Debug|Any CPU.ActiveCfg = Debug|Any CPU
		{2981A458-5463-43E5-9A4F-E6DAAFF7C666}.Debug|Any CPU.Build.0 = Debug|Any CPU
		{2981A458-5463-43E5-9A4F-E6DAAFF7C666}.Release|Any CPU.ActiveCfg = Release|Any CPU
		{2981A458-5463-43E5-9A4F-E6DAAFF7C666}.Release|Any CPU.Build.0 = Release|Any CPU
		{300EFE55-2666-4591-95EA-782E8C0D33B2}.Debug|Any CPU.ActiveCfg = Debug|Any CPU
		{300EFE55-2666-4591-95EA-782E8C0D33B2}.Debug|Any CPU.Build.0 = Debug|Any CPU
		{300EFE55-2666-4591-95EA-782E8C0D33B2}.Release|Any CPU.ActiveCfg = Release|Any CPU
		{300EFE55-2666-4591-95EA-782E8C0D33B2}.Release|Any CPU.Build.0 = Release|Any CPU
		{51BFB156-670E-442C-9407-65487C45A3A6}.Debug|Any CPU.ActiveCfg = Debug|Any CPU
		{51BFB156-670E-442C-9407-65487C45A3A6}.Debug|Any CPU.Build.0 = Debug|Any CPU
		{51BFB156-670E-442C-9407-65487C45A3A6}.Release|Any CPU.ActiveCfg = Release|Any CPU
		{51BFB156-670E-442C-9407-65487C45A3A6}.Release|Any CPU.Build.0 = Release|Any CPU
	EndGlobalSection
	GlobalSection(SolutionProperties) = preSolution
		HideSolutionNode = FALSE
	EndGlobalSection
EndGlobal
