
Microsoft Visual Studio Solution File, Format Version 12.00
# Visual Studio 2013
VisualStudioVersion = 12.0.20617.1 PREVIEW
MinimumVisualStudioVersion = 10.0.40219.1
Project("{FAE04EC0-301F-11D3-BF4B-00C04F79EFBC}") = "01. DeclareVariables", "01. DeclareVariables\01. DeclareVariables.csproj", "{FA74BFB4-B8AD-422D-A57C-453F3A86DB48}"
EndProject
Project("{FAE04EC0-301F-11D3-BF4B-00C04F79EFBC}") = "02. FloatAndDouble", "02. FloatAndDouble\02. FloatAndDouble.csproj", "{F2A6C171-6F6B-4E81-B984-F2AD88FC83C1}"
EndProject
Project("{FAE04EC0-301F-11D3-BF4B-00C04F79EFBC}") = "03. CompareFloatingPoint", "03. CompareFloatingPoint\03. CompareFloatingPoint.csproj", "{AD3EF028-7ADB-46C4-80A6-EC32EB49240F}"
EndProject
Project("{FAE04EC0-301F-11D3-BF4B-00C04F79EFBC}") = "04. DeclareAndInteregVariables", "04. DeclareAndInteregVariables\04. DeclareAndInteregVariables.csproj", "{35DEFD43-0D2F-44B3-825F-C9848288E252}"
EndProject
Project("{FAE04EC0-301F-11D3-BF4B-00C04F79EFBC}") = "05. DeclareACharacterVariable", "05. DeclareACharacterVariable\05. DeclareACharacterVariable.csproj", "{E9A96D7C-C270-4224-AC5D-924DA4678B6A}"
EndProject
Project("{FAE04EC0-301F-11D3-BF4B-00C04F79EFBC}") = "06. BooleanVariableIsFemale", "06. BooleanVariableIsFemale\06. BooleanVariableIsFemale.csproj", "{3182EBF1-4F42-4392-B113-EE317316CBD4}"
EndProject
Project("{FAE04EC0-301F-11D3-BF4B-00C04F79EFBC}") = "07. DeclareTwoStringVariables", "07. DeclareTwoStringVariables\07. DeclareTwoStringVariables.csproj", "{9F7CB014-20AD-4C39-BC29-D41D71B7C50B}"
EndProject
Project("{FAE04EC0-301F-11D3-BF4B-00C04F79EFBC}") = "08. StringsDifferentWays", "08. StringsDifferentWays\08. StringsDifferentWays.csproj", "{0F35955E-AF34-46E1-AB7A-5F7293A80AD2}"
EndProject
Project("{FAE04EC0-301F-11D3-BF4B-00C04F79EFBC}") = "09. TriagnleOfCopyright", "09. TriagnleOfCopyright\09. TriagnleOfCopyright.csproj", "{2FD9A03B-304E-41D7-AA22-A016A712D529}"
EndProject
Project("{FAE04EC0-301F-11D3-BF4B-00C04F79EFBC}") = "10. MarketingFirm", "10. MarketingFirm\10. MarketingFirm.csproj", "{833DC075-8C31-4D57-96C5-8519EF940B1F}"
EndProject
Project("{FAE04EC0-301F-11D3-BF4B-00C04F79EFBC}") = "11. TwoIntegerVariables", "11. TwoIntegerVariables\11. TwoIntegerVariables.csproj", "{D3154C63-AEEC-4A09-BD33-DBCE0F136D32}"
EndProject
Project("{FAE04EC0-301F-11D3-BF4B-00C04F79EFBC}") = "12. ASCII", "12. ASCII\12. ASCII.csproj", "{3AED5D1F-4252-42A0-96EB-2777D4CB64FF}"
EndProject
Project("{FAE04EC0-301F-11D3-BF4B-00C04F79EFBC}") = "13. NullVariable", "13. NullVariable\13. NullVariable.csproj", "{6F0DB7A2-9622-4444-8C47-72D1FEE149A8}"
EndProject
Project("{FAE04EC0-301F-11D3-BF4B-00C04F79EFBC}") = "14. BankAccount", "14. BankAccount\14. BankAccount.csproj", "{5BA0ADA6-1DBA-4B05-AFBD-61DEEED382CA}"
EndProject
Global
	GlobalSection(SolutionConfigurationPlatforms) = preSolution
		Debug|Any CPU = Debug|Any CPU
		Release|Any CPU = Release|Any CPU
	EndGlobalSection
	GlobalSection(ProjectConfigurationPlatforms) = postSolution
		{FA74BFB4-B8AD-422D-A57C-453F3A86DB48}.Debug|Any CPU.ActiveCfg = Debug|Any CPU
		{FA74BFB4-B8AD-422D-A57C-453F3A86DB48}.Debug|Any CPU.Build.0 = Debug|Any CPU
		{FA74BFB4-B8AD-422D-A57C-453F3A86DB48}.Release|Any CPU.ActiveCfg = Release|Any CPU
		{FA74BFB4-B8AD-422D-A57C-453F3A86DB48}.Release|Any CPU.Build.0 = Release|Any CPU
		{F2A6C171-6F6B-4E81-B984-F2AD88FC83C1}.Debug|Any CPU.ActiveCfg = Debug|Any CPU
		{F2A6C171-6F6B-4E81-B984-F2AD88FC83C1}.Debug|Any CPU.Build.0 = Debug|Any CPU
		{F2A6C171-6F6B-4E81-B984-F2AD88FC83C1}.Release|Any CPU.ActiveCfg = Release|Any CPU
		{F2A6C171-6F6B-4E81-B984-F2AD88FC83C1}.Release|Any CPU.Build.0 = Release|Any CPU
		{AD3EF028-7ADB-46C4-80A6-EC32EB49240F}.Debug|Any CPU.ActiveCfg = Debug|Any CPU
		{AD3EF028-7ADB-46C4-80A6-EC32EB49240F}.Debug|Any CPU.Build.0 = Debug|Any CPU
		{AD3EF028-7ADB-46C4-80A6-EC32EB49240F}.Release|Any CPU.ActiveCfg = Release|Any CPU
		{AD3EF028-7ADB-46C4-80A6-EC32EB49240F}.Release|Any CPU.Build.0 = Release|Any CPU
		{35DEFD43-0D2F-44B3-825F-C9848288E252}.Debug|Any CPU.ActiveCfg = Debug|Any CPU
		{35DEFD43-0D2F-44B3-825F-C9848288E252}.Debug|Any CPU.Build.0 = Debug|Any CPU
		{35DEFD43-0D2F-44B3-825F-C9848288E252}.Release|Any CPU.ActiveCfg = Release|Any CPU
		{35DEFD43-0D2F-44B3-825F-C9848288E252}.Release|Any CPU.Build.0 = Release|Any CPU
		{E9A96D7C-C270-4224-AC5D-924DA4678B6A}.Debug|Any CPU.ActiveCfg = Debug|Any CPU
		{E9A96D7C-C270-4224-AC5D-924DA4678B6A}.Debug|Any CPU.Build.0 = Debug|Any CPU
		{E9A96D7C-C270-4224-AC5D-924DA4678B6A}.Release|Any CPU.ActiveCfg = Release|Any CPU
		{E9A96D7C-C270-4224-AC5D-924DA4678B6A}.Release|Any CPU.Build.0 = Release|Any CPU
		{3182EBF1-4F42-4392-B113-EE317316CBD4}.Debug|Any CPU.ActiveCfg = Debug|Any CPU
		{3182EBF1-4F42-4392-B113-EE317316CBD4}.Debug|Any CPU.Build.0 = Debug|Any CPU
		{3182EBF1-4F42-4392-B113-EE317316CBD4}.Release|Any CPU.ActiveCfg = Release|Any CPU
		{3182EBF1-4F42-4392-B113-EE317316CBD4}.Release|Any CPU.Build.0 = Release|Any CPU
		{9F7CB014-20AD-4C39-BC29-D41D71B7C50B}.Debug|Any CPU.ActiveCfg = Debug|Any CPU
		{9F7CB014-20AD-4C39-BC29-D41D71B7C50B}.Debug|Any CPU.Build.0 = Debug|Any CPU
		{9F7CB014-20AD-4C39-BC29-D41D71B7C50B}.Release|Any CPU.ActiveCfg = Release|Any CPU
		{9F7CB014-20AD-4C39-BC29-D41D71B7C50B}.Release|Any CPU.Build.0 = Release|Any CPU
		{0F35955E-AF34-46E1-AB7A-5F7293A80AD2}.Debug|Any CPU.ActiveCfg = Debug|Any CPU
		{0F35955E-AF34-46E1-AB7A-5F7293A80AD2}.Debug|Any CPU.Build.0 = Debug|Any CPU
		{0F35955E-AF34-46E1-AB7A-5F7293A80AD2}.Release|Any CPU.ActiveCfg = Release|Any CPU
		{0F35955E-AF34-46E1-AB7A-5F7293A80AD2}.Release|Any CPU.Build.0 = Release|Any CPU
		{2FD9A03B-304E-41D7-AA22-A016A712D529}.Debug|Any CPU.ActiveCfg = Debug|Any CPU
		{2FD9A03B-304E-41D7-AA22-A016A712D529}.Debug|Any CPU.Build.0 = Debug|Any CPU
		{2FD9A03B-304E-41D7-AA22-A016A712D529}.Release|Any CPU.ActiveCfg = Release|Any CPU
		{2FD9A03B-304E-41D7-AA22-A016A712D529}.Release|Any CPU.Build.0 = Release|Any CPU
		{833DC075-8C31-4D57-96C5-8519EF940B1F}.Debug|Any CPU.ActiveCfg = Debug|Any CPU
		{833DC075-8C31-4D57-96C5-8519EF940B1F}.Debug|Any CPU.Build.0 = Debug|Any CPU
		{833DC075-8C31-4D57-96C5-8519EF940B1F}.Release|Any CPU.ActiveCfg = Release|Any CPU
		{833DC075-8C31-4D57-96C5-8519EF940B1F}.Release|Any CPU.Build.0 = Release|Any CPU
		{D3154C63-AEEC-4A09-BD33-DBCE0F136D32}.Debug|Any CPU.ActiveCfg = Debug|Any CPU
		{D3154C63-AEEC-4A09-BD33-DBCE0F136D32}.Debug|Any CPU.Build.0 = Debug|Any CPU
		{D3154C63-AEEC-4A09-BD33-DBCE0F136D32}.Release|Any CPU.ActiveCfg = Release|Any CPU
		{D3154C63-AEEC-4A09-BD33-DBCE0F136D32}.Release|Any CPU.Build.0 = Release|Any CPU
		{3AED5D1F-4252-42A0-96EB-2777D4CB64FF}.Debug|Any CPU.ActiveCfg = Debug|Any CPU
		{3AED5D1F-4252-42A0-96EB-2777D4CB64FF}.Debug|Any CPU.Build.0 = Debug|Any CPU
		{3AED5D1F-4252-42A0-96EB-2777D4CB64FF}.Release|Any CPU.ActiveCfg = Release|Any CPU
		{3AED5D1F-4252-42A0-96EB-2777D4CB64FF}.Release|Any CPU.Build.0 = Release|Any CPU
		{6F0DB7A2-9622-4444-8C47-72D1FEE149A8}.Debug|Any CPU.ActiveCfg = Debug|Any CPU
		{6F0DB7A2-9622-4444-8C47-72D1FEE149A8}.Debug|Any CPU.Build.0 = Debug|Any CPU
		{6F0DB7A2-9622-4444-8C47-72D1FEE149A8}.Release|Any CPU.ActiveCfg = Release|Any CPU
		{6F0DB7A2-9622-4444-8C47-72D1FEE149A8}.Release|Any CPU.Build.0 = Release|Any CPU
		{5BA0ADA6-1DBA-4B05-AFBD-61DEEED382CA}.Debug|Any CPU.ActiveCfg = Debug|Any CPU
		{5BA0ADA6-1DBA-4B05-AFBD-61DEEED382CA}.Debug|Any CPU.Build.0 = Debug|Any CPU
		{5BA0ADA6-1DBA-4B05-AFBD-61DEEED382CA}.Release|Any CPU.ActiveCfg = Release|Any CPU
		{5BA0ADA6-1DBA-4B05-AFBD-61DEEED382CA}.Release|Any CPU.Build.0 = Release|Any CPU
	EndGlobalSection
	GlobalSection(SolutionProperties) = preSolution
		HideSolutionNode = FALSE
	EndGlobalSection
EndGlobal
